
Microsoft Visual Studio Solution File, Format Version 12.00
# Visual Studio Version 16
VisualStudioVersion = 16.0.30225.117
MinimumVisualStudioVersion = 10.0.40219.1
Project("{FAE04EC0-301F-11D3-BF4B-00C04F79EFBC}") = "WebApplication1", "WebApplication1.csproj", "{BCFE7A24-2AD5-4070-9EEB-FFA5F69CA994}"
EndProject
Global
	GlobalSection(SolutionConfigurationPlatforms) = preSolution
		Debug|Any CPU = Debug|Any CPU
		Release|Any CPU = Release|Any CPU
	EndGlobalSection
	GlobalSection(ProjectConfigurationPlatforms) = postSolution
		{BCFE7A24-2AD5-4070-9EEB-FFA5F69CA994}.Debug|Any CPU.ActiveCfg = Debug|Any CPU
		{BCFE7A24-2AD5-4070-9EEB-FFA5F69CA994}.Debug|Any CPU.Build.0 = Debug|Any CPU
		{BCFE7A24-2AD5-4070-9EEB-FFA5F69CA994}.Release|Any CPU.ActiveCfg = Release|Any CPU
		{BCFE7A24-2AD5-4070-9EEB-FFA5F69CA994}.Release|Any CPU.Build.0 = Release|Any CPU
	EndGlobalSection
	GlobalSection(SolutionProperties) = preSolution
		HideSolutionNode = FALSE
	EndGlobalSection
	GlobalSection(ExtensibilityGlobals) = postSolution
		SolutionGuid = {AB97BC2D-C9FF-4212-82E2-AEC263814D4F}
	EndGlobalSection
EndGlobal
